
Microsoft Visual Studio Solution File, Format Version 12.00
# Visual Studio Version 17
VisualStudioVersion = 17.7.34024.191
MinimumVisualStudioVersion = 10.0.40219.1
Project("{9A19103F-16F7-4668-BE54-9A1E7A4F7556}") = "Core.ConnectivityFramework.Protocol", "Skyline.DataMiner.Core.ConnectivityFramework.Protocol\Core.ConnectivityFramework.Protocol.csproj", "{F4D7841B-F900-4E7D-B00A-52978AEC250E}"
EndProject
Project("{2150E333-8FDC-42A3-9474-1A3956D46DE8}") = "Solution Items", "Solution Items", "{03D8F020-B182-42FD-8F74-AE5242B08AFD}"
	ProjectSection(SolutionItems) = preProject
		.editorconfig = .editorconfig
	EndProjectSection
EndProject
Global
	GlobalSection(SolutionConfigurationPlatforms) = preSolution
		Debug|Any CPU = Debug|Any CPU
		Release|Any CPU = Release|Any CPU
	EndGlobalSection
	GlobalSection(ProjectConfigurationPlatforms) = postSolution
		{F4D7841B-F900-4E7D-B00A-52978AEC250E}.Debug|Any CPU.ActiveCfg = Debug|Any CPU
		{F4D7841B-F900-4E7D-B00A-52978AEC250E}.Debug|Any CPU.Build.0 = Debug|Any CPU
		{F4D7841B-F900-4E7D-B00A-52978AEC250E}.Release|Any CPU.ActiveCfg = Release|Any CPU
		{F4D7841B-F900-4E7D-B00A-52978AEC250E}.Release|Any CPU.Build.0 = Release|Any CPU
	EndGlobalSection
	GlobalSection(SolutionProperties) = preSolution
		HideSolutionNode = FALSE
	EndGlobalSection
	GlobalSection(ExtensibilityGlobals) = postSolution
		SolutionGuid = {87584A62-0E6B-485D-A05B-02DC84BCE3AD}
	EndGlobalSection
EndGlobal
